
Microsoft Visual Studio Solution File, Format Version 12.00
# Visual Studio Version 16
VisualStudioVersion = 16.0.31424.327
MinimumVisualStudioVersion = 10.0.40219.1
Project("{9A19103F-16F7-4668-BE54-9A1E7A4F7556}") = "SimpleDailyTracker.UI", "SimpleDailyTracker.UI\SimpleDailyTracker.UI.csproj", "{ECDDBB7E-8368-491C-A863-E7D3C0FF3205}"
EndProject
Project("{9A19103F-16F7-4668-BE54-9A1E7A4F7556}") = "SimpleDailyTracker.Application", "SimpleDailyTracker.Application\SimpleDailyTracker.Application.csproj", "{9BC231DE-7538-4AB3-B3EC-1D99FC91A548}"
EndProject
Global
	GlobalSection(SolutionConfigurationPlatforms) = preSolution
		Debug|Any CPU = Debug|Any CPU
		Release|Any CPU = Release|Any CPU
	EndGlobalSection
	GlobalSection(ProjectConfigurationPlatforms) = postSolution
		{ECDDBB7E-8368-491C-A863-E7D3C0FF3205}.Debug|Any CPU.ActiveCfg = Debug|Any CPU
		{ECDDBB7E-8368-491C-A863-E7D3C0FF3205}.Debug|Any CPU.Build.0 = Debug|Any CPU
		{ECDDBB7E-8368-491C-A863-E7D3C0FF3205}.Release|Any CPU.ActiveCfg = Release|Any CPU
		{ECDDBB7E-8368-491C-A863-E7D3C0FF3205}.Release|Any CPU.Build.0 = Release|Any CPU
		{9BC231DE-7538-4AB3-B3EC-1D99FC91A548}.Debug|Any CPU.ActiveCfg = Debug|Any CPU
		{9BC231DE-7538-4AB3-B3EC-1D99FC91A548}.Debug|Any CPU.Build.0 = Debug|Any CPU
		{9BC231DE-7538-4AB3-B3EC-1D99FC91A548}.Release|Any CPU.ActiveCfg = Release|Any CPU
		{9BC231DE-7538-4AB3-B3EC-1D99FC91A548}.Release|Any CPU.Build.0 = Release|Any CPU
	EndGlobalSection
	GlobalSection(SolutionProperties) = preSolution
		HideSolutionNode = FALSE
	EndGlobalSection
	GlobalSection(ExtensibilityGlobals) = postSolution
		SolutionGuid = {5AA1D93A-7AF8-40C9-AB96-19D29A048F5D}
	EndGlobalSection
EndGlobal
